
Microsoft Visual Studio Solution File, Format Version 11.00
# Visual Studio 2010
# SharpDevelop 5.1
Project("{FAE04EC0-301F-11D3-BF4B-00C04F79EFBC}") = "EnumConversion", "EnumConversion\EnumConversion.csproj", "{2AC48525-298D-47EE-B01E-638FCE22A936}"
EndProject
Project("{FAE04EC0-301F-11D3-BF4B-00C04F79EFBC}") = "EnumConversionTest", "EnumConversionTest\EnumConversionTest.csproj", "{CFE19E6C-BEBC-4B69-B095-6902EE8E7899}"
EndProject
Global
	GlobalSection(SolutionConfigurationPlatforms) = preSolution
		Debug|Any CPU = Debug|Any CPU
		Release|Any CPU = Release|Any CPU
	EndGlobalSection
	GlobalSection(ProjectConfigurationPlatforms) = postSolution
		{2AC48525-298D-47EE-B01E-638FCE22A936}.Debug|Any CPU.ActiveCfg = Debug|Any CPU
		{2AC48525-298D-47EE-B01E-638FCE22A936}.Debug|Any CPU.Build.0 = Debug|Any CPU
		{2AC48525-298D-47EE-B01E-638FCE22A936}.Release|Any CPU.ActiveCfg = Release|Any CPU
		{2AC48525-298D-47EE-B01E-638FCE22A936}.Release|Any CPU.Build.0 = Release|Any CPU
		{CFE19E6C-BEBC-4B69-B095-6902EE8E7899}.Debug|Any CPU.ActiveCfg = Debug|Any CPU
		{CFE19E6C-BEBC-4B69-B095-6902EE8E7899}.Debug|Any CPU.Build.0 = Debug|Any CPU
		{CFE19E6C-BEBC-4B69-B095-6902EE8E7899}.Release|Any CPU.ActiveCfg = Release|Any CPU
		{CFE19E6C-BEBC-4B69-B095-6902EE8E7899}.Release|Any CPU.Build.0 = Release|Any CPU
	EndGlobalSection
EndGlobal
